// !$*UTF8*$!
{
	archiveVersion = 1;
	classes = {
	};
	objectVersion = 56;
	objects = {

/* Begin PBXBuildFile section */
		8462E43D2A24F64F00ECB16F /* AppDelegate.swift in Sources */ = {isa = PBXBuildFile; fileRef = 8462E43C2A24F64F00ECB16F /* AppDelegate.swift */; };
		8462E4412A24F64F00ECB16F /* ViewController.swift in Sources */ = {isa = PBXBuildFile; fileRef = 8462E4402A24F64F00ECB16F /* ViewController.swift */; };
		8462E4442A24F64F00ECB16F /* Main.storyboard in Resources */ = {isa = PBXBuildFile; fileRef = 8462E4422A24F64F00ECB16F /* Main.storyboard */; };
		8462E4462A24F65100ECB16F /* Assets.xcassets in Resources */ = {isa = PBXBuildFile; fileRef = 8462E4452A24F65100ECB16F /* Assets.xcassets */; };
		8462E4492A24F65100ECB16F /* LaunchScreen.storyboard in Resources */ = {isa = PBXBuildFile; fileRef = 8462E4472A24F65100ECB16F /* LaunchScreen.storyboard */; };
		8462E4552A24FD5000ECB16F /* ImageCell.swift in Sources */ = {isa = PBXBuildFile; fileRef = 8462E4532A24FD5000ECB16F /* ImageCell.swift */; };
		8462E4562A24FD5000ECB16F /* ImageCell.xib in Resources */ = {isa = PBXBuildFile; fileRef = 8462E4542A24FD5000ECB16F /* ImageCell.xib */; };
		84C56F8E2A250E5A009140DE /* ImageDetails.swift in Sources */ = {isa = PBXBuildFile; fileRef = 84C56F8D2A250E5A009140DE /* ImageDetails.swift */; };
		84C56F902A250FEF009140DE /* Constants.swift in Sources */ = {isa = PBXBuildFile; fileRef = 84C56F8F2A250FEF009140DE /* Constants.swift */; };
		84C56F932A25145F009140DE /* Utilities.swift in Sources */ = {isa = PBXBuildFile; fileRef = 84C56F922A25145F009140DE /* Utilities.swift */; };
		84F9C4CB2A26645D00660C8D /* quickLook.swift in Sources */ = {isa = PBXBuildFile; fileRef = 84F9C4CA2A26645D00660C8D /* quickLook.swift */; };
/* End PBXBuildFile section */

/* Begin PBXFileReference section */
		8462E4392A24F64F00ECB16F /* WisdomLeaf.app */ = {isa = PBXFileReference; explicitFileType = wrapper.application; includeInIndex = 0; path = WisdomLeaf.app; sourceTree = BUILT_PRODUCTS_DIR; };
		8462E43C2A24F64F00ECB16F /* AppDelegate.swift */ = {isa = PBXFileReference; lastKnownFileType = sourcecode.swift; path = AppDelegate.swift; sourceTree = "<group>"; };
		8462E4402A24F64F00ECB16F /* ViewController.swift */ = {isa = PBXFileReference; lastKnownFileType = sourcecode.swift; path = ViewController.swift; sourceTree = "<group>"; };
		8462E4432A24F64F00ECB16F /* Base */ = {isa = PBXFileReference; lastKnownFileType = file.storyboard; name = Base; path = Base.lproj/Main.storyboard; sourceTree = "<group>"; };
		8462E4452A24F65100ECB16F /* Assets.xcassets */ = {isa = PBXFileReference; lastKnownFileType = folder.assetcatalog; path = Assets.xcassets; sourceTree = "<group>"; };
		8462E4482A24F65100ECB16F /* Base */ = {isa = PBXFileReference; lastKnownFileType = file.storyboard; name = Base; path = Base.lproj/LaunchScreen.storyboard; sourceTree = "<group>"; };
		8462E44A2A24F65100ECB16F /* Info.plist */ = {isa = PBXFileReference; lastKnownFileType = text.plist.xml; path = Info.plist; sourceTree = "<group>"; };
		8462E4532A24FD5000ECB16F /* ImageCell.swift */ = {isa = PBXFileReference; lastKnownFileType = sourcecode.swift; path = ImageCell.swift; sourceTree = "<group>"; };
		8462E4542A24FD5000ECB16F /* ImageCell.xib */ = {isa = PBXFileReference; lastKnownFileType = file.xib; path = ImageCell.xib; sourceTree = "<group>"; };
		84C56F8D2A250E5A009140DE /* ImageDetails.swift */ = {isa = PBXFileReference; fileEncoding = 4; lastKnownFileType = sourcecode.swift; path = ImageDetails.swift; sourceTree = "<group>"; };
		84C56F8F2A250FEF009140DE /* Constants.swift */ = {isa = PBXFileReference; lastKnownFileType = sourcecode.swift; path = Constants.swift; sourceTree = "<group>"; };
		84C56F922A25145F009140DE /* Utilities.swift */ = {isa = PBXFileReference; lastKnownFileType = sourcecode.swift; path = Utilities.swift; sourceTree = "<group>"; };
		84F9C4CA2A26645D00660C8D /* quickLook.swift */ = {isa = PBXFileReference; lastKnownFileType = sourcecode.swift; path = quickLook.swift; sourceTree = "<group>"; };
/* End PBXFileReference section */

/* Begin PBXFrameworksBuildPhase section */
		8462E4362A24F64F00ECB16F /* Frameworks */ = {
			isa = PBXFrameworksBuildPhase;
			buildActionMask = 2147483647;
			files = (
			);
			runOnlyForDeploymentPostprocessing = 0;
		};
/* End PBXFrameworksBuildPhase section */

/* Begin PBXGroup section */
		8462E4302A24F64F00ECB16F = {
			isa = PBXGroup;
			children = (
				8462E43B2A24F64F00ECB16F /* WisdomLeaf */,
				8462E43A2A24F64F00ECB16F /* Products */,
			);
			sourceTree = "<group>";
		};
		8462E43A2A24F64F00ECB16F /* Products */ = {
			isa = PBXGroup;
			children = (
				8462E4392A24F64F00ECB16F /* WisdomLeaf.app */,
			);
			name = Products;
			sourceTree = "<group>";
		};
		8462E43B2A24F64F00ECB16F /* WisdomLeaf */ = {
			isa = PBXGroup;
			children = (
				84C56F912A25144A009140DE /* utils */,
				8462E4502A24F97F00ECB16F /* Model */,
				8462E4512A24F9B700ECB16F /* View */,
				8462E4522A24F9BF00ECB16F /* Controller */,
				8462E43C2A24F64F00ECB16F /* AppDelegate.swift */,
				8462E4452A24F65100ECB16F /* Assets.xcassets */,
				8462E4472A24F65100ECB16F /* LaunchScreen.storyboard */,
				8462E44A2A24F65100ECB16F /* Info.plist */,
			);
			path = WisdomLeaf;
			sourceTree = "<group>";
		};
		8462E4502A24F97F00ECB16F /* Model */ = {
			isa = PBXGroup;
			children = (
				84C56F8D2A250E5A009140DE /* ImageDetails.swift */,
				84C56F8F2A250FEF009140DE /* Constants.swift */,
				84F9C4CA2A26645D00660C8D /* quickLook.swift */,
			);
			path = Model;
			sourceTree = "<group>";
		};
		8462E4512A24F9B700ECB16F /* View */ = {
			isa = PBXGroup;
			children = (
				8462E4422A24F64F00ECB16F /* Main.storyboard */,
				8462E4532A24FD5000ECB16F /* ImageCell.swift */,
				8462E4542A24FD5000ECB16F /* ImageCell.xib */,
			);
			path = View;
			sourceTree = "<group>";
		};
		8462E4522A24F9BF00ECB16F /* Controller */ = {
			isa = PBXGroup;
			children = (
				8462E4402A24F64F00ECB16F /* ViewController.swift */,
			);
			name = Controller;
			sourceTree = "<group>";
		};
		84C56F912A25144A009140DE /* utils */ = {
			isa = PBXGroup;
			children = (
				84C56F922A25145F009140DE /* Utilities.swift */,
			);
			path = utils;
			sourceTree = "<group>";
		};
/* End PBXGroup section */

/* Begin PBXNativeTarget section */
		8462E4382A24F64F00ECB16F /* WisdomLeaf */ = {
			isa = PBXNativeTarget;
			buildConfigurationList = 8462E44D2A24F65100ECB16F /* Build configuration list for PBXNativeTarget "WisdomLeaf" */;
			buildPhases = (
				8462E4352A24F64F00ECB16F /* Sources */,
				8462E4362A24F64F00ECB16F /* Frameworks */,
				8462E4372A24F64F00ECB16F /* Resources */,
			);
			buildRules = (
			);
			dependencies = (
			);
			name = WisdomLeaf;
			productName = WisdomLeaf;
			productReference = 8462E4392A24F64F00ECB16F /* WisdomLeaf.app */;
			productType = "com.apple.product-type.application";
		};
/* End PBXNativeTarget section */

/* Begin PBXProject section */
		8462E4312A24F64F00ECB16F /* Project object */ = {
			isa = PBXProject;
			attributes = {
				BuildIndependentTargetsInParallel = 1;
				LastSwiftUpdateCheck = 1400;
				LastUpgradeCheck = 1400;
				TargetAttributes = {
					8462E4382A24F64F00ECB16F = {
						CreatedOnToolsVersion = 14.0.1;
					};
				};
			};
			buildConfigurationList = 8462E4342A24F64F00ECB16F /* Build configuration list for PBXProject "WisdomLeaf" */;
			compatibilityVersion = "Xcode 14.0";
			developmentRegion = en;
			hasScannedForEncodings = 0;
			knownRegions = (
				en,
				Base,
			);
			mainGroup = 8462E4302A24F64F00ECB16F;
			productRefGroup = 8462E43A2A24F64F00ECB16F /* Products */;
			projectDirPath = "";
			projectRoot = "";
			targets = (
				8462E4382A24F64F00ECB16F /* WisdomLeaf */,
			);
		};
/* End PBXProject section */

/* Begin PBXResourcesBuildPhase section */
		8462E4372A24F64F00ECB16F /* Resources */ = {
			isa = PBXResourcesBuildPhase;
			buildActionMask = 2147483647;
			files = (
				8462E4492A24F65100ECB16F /* LaunchScreen.storyboard in Resources */,
				8462E4562A24FD5000ECB16F /* ImageCell.xib in Resources */,
				8462E4462A24F65100ECB16F /* Assets.xcassets in Resources */,
				8462E4442A24F64F00ECB16F /* Main.storyboard in Resources */,
			);
			runOnlyForDeploymentPostprocessing = 0;
		};
/* End PBXResourcesBuildPhase section */

/* Begin PBXSourcesBuildPhase section */
		8462E4352A24F64F00ECB16F /* Sources */ = {
			isa = PBXSourcesBuildPhase;
			buildActionMask = 2147483647;
			files = (
				84C56F932A25145F009140DE /* Utilities.swift in Sources */,
				84C56F902A250FEF009140DE /* Constants.swift in Sources */,
				8462E4412A24F64F00ECB16F /* ViewController.swift in Sources */,
				8462E43D2A24F64F00ECB16F /* AppDelegate.swift in Sources */,
				84F9C4CB2A26645D00660C8D /* quickLook.swift in Sources */,
				84C56F8E2A250E5A009140DE /* ImageDetails.swift in Sources */,
				8462E4552A24FD5000ECB16F /* ImageCell.swift in Sources */,
			);
			runOnlyForDeploymentPostprocessing = 0;
		};
/* End PBXSourcesBuildPhase section */

/* Begin PBXVariantGroup section */
		8462E4422A24F64F00ECB16F /* Main.storyboard */ = {
			isa = PBXVariantGroup;
			children = (
				8462E4432A24F64F00ECB16F /* Base */,
			);
			name = Main.storyboard;
			sourceTree = "<group>";
		};
		8462E4472A24F65100ECB16F /* LaunchScreen.storyboard */ = {
			isa = PBXVariantGroup;
			children = (
				8462E4482A24F65100ECB16F /* Base */,
			);
			name = LaunchScreen.storyboard;
			sourceTree = "<group>";
		};
/* End PBXVariantGroup section */

/* Begin XCBuildConfiguration section */
		8462E44B2A24F65100ECB16F /* Debug */ = {
			isa = XCBuildConfiguration;
			buildSettings = {
				ALWAYS_SEARCH_USER_PATHS = NO;
				CLANG_ANALYZER_NONNULL = YES;
				CLANG_ANALYZER_NUMBER_OBJECT_CONVERSION = YES_AGGRESSIVE;
				CLANG_CXX_LANGUAGE_STANDARD = "gnu++20";
				CLANG_ENABLE_MODULES = YES;
				CLANG_ENABLE_OBJC_ARC = YES;
				CLANG_ENABLE_OBJC_WEAK = YES;
				CLANG_WARN_BLOCK_CAPTURE_AUTORELEASING = YES;
				CLANG_WARN_BOOL_CONVERSION = YES;
				CLANG_WARN_COMMA = YES;
				CLANG_WARN_CONSTANT_CONVERSION = YES;
				CLANG_WARN_DEPRECATED_OBJC_IMPLEMENTATIONS = YES;
				CLANG_WARN_DIRECT_OBJC_ISA_USAGE = YES_ERROR;
				CLANG_WARN_DOCUMENTATION_COMMENTS = YES;
				CLANG_WARN_EMPTY_BODY = YES;
				CLANG_WARN_ENUM_CONVERSION = YES;
				CLANG_WARN_INFINITE_RECURSION = YES;
				CLANG_WARN_INT_CONVERSION = YES;
				CLANG_WARN_NON_LITERAL_NULL_CONVERSION = YES;
				CLANG_WARN_OBJC_IMPLICIT_RETAIN_SELF = YES;
				CLANG_WARN_OBJC_LITERAL_CONVERSION = YES;
				CLANG_WARN_OBJC_ROOT_CLASS = YES_ERROR;
				CLANG_WARN_QUOTED_INCLUDE_IN_FRAMEWORK_HEADER = YES;
				CLANG_WARN_RANGE_LOOP_ANALYSIS = YES;
				CLANG_WARN_STRICT_PROTOTYPES = YES;
				CLANG_WARN_SUSPICIOUS_MOVE = YES;
				CLANG_WARN_UNGUARDED_AVAILABILITY = YES_AGGRESSIVE;
				CLANG_WARN_UNREACHABLE_CODE = YES;
				CLANG_WARN__DUPLICATE_METHOD_MATCH = YES;
				COPY_PHASE_STRIP = NO;
				DEBUG_INFORMATION_FORMAT = dwarf;
				ENABLE_STRICT_OBJC_MSGSEND = YES;
				ENABLE_TESTABILITY = YES;
				GCC_C_LANGUAGE_STANDARD = gnu11;
				GCC_DYNAMIC_NO_PIC = NO;
				GCC_NO_COMMON_BLOCKS = YES;
				GCC_OPTIMIZATION_LEVEL = 0;
				GCC_PREPROCESSOR_DEFINITIONS = (
					"DEBUG=1",
					"$(inherited)",
				);
				GCC_WARN_64_TO_32_BIT_CONVERSION = YES;
				GCC_WARN_ABOUT_RETURN_TYPE = YES_ERROR;
				GCC_WARN_UNDECLARED_SELECTOR = YES;
				GCC_WARN_UNINITIALIZED_AUTOS = YES_AGGRESSIVE;
				GCC_WARN_UNUSED_FUNCTION = YES;
				GCC_WARN_UNUSED_VARIABLE = YES;
				IPHONEOS_DEPLOYMENT_TARGET = 16.0;
				MTL_ENABLE_DEBUG_INFO = INCLUDE_SOURCE;
				MTL_FAST_MATH = YES;
				ONLY_ACTIVE_ARCH = YES;
				SDKROOT = iphoneos;
				SWIFT_ACTIVE_COMPILATION_CONDITIONS = DEBUG;
				SWIFT_OPTIMIZATION_LEVEL = "-Onone";
			};
			name = Debug;
		};
		8462E44C2A24F65100ECB16F /* Release */ = {
			isa = XCBuildConfiguration;
			buildSettings = {
				ALWAYS_SEARCH_USER_PATHS = NO;
				CLANG_ANALYZER_NONNULL = YES;
				CLANG_ANALYZER_NUMBER_OBJECT_CONVERSION = YES_AGGRESSIVE;
				CLANG_CXX_LANGUAGE_STANDARD = "gnu++20";
				CLANG_ENABLE_MODULES = YES;
				CLANG_ENABLE_OBJC_ARC = YES;
				CLANG_ENABLE_OBJC_WEAK = YES;
				CLANG_WARN_BLOCK_CAPTURE_AUTORELEASING = YES;
				CLANG_WARN_BOOL_CONVERSION = YES;
				CLANG_WARN_COMMA = YES;
				CLANG_WARN_CONSTANT_CONVERSION = YES;
				CLANG_WARN_DEPRECATED_OBJC_IMPLEMENTATIONS = YES;
				CLANG_WARN_DIRECT_OBJC_ISA_USAGE = YES_ERROR;
				CLANG_WARN_DOCUMENTATION_COMMENTS = YES;
				CLANG_WARN_EMPTY_BODY = YES;
				CLANG_WARN_ENUM_CONVERSION = YES;
				CLANG_WARN_INFINITE_RECURSION = YES;
				CLANG_WARN_INT_CONVERSION = YES;
				CLANG_WARN_NON_LITERAL_NULL_CONVERSION = YES;
				CLANG_WARN_OBJC_IMPLICIT_RETAIN_SELF = YES;
				CLANG_WARN_OBJC_LITERAL_CONVERSION = YES;
				CLANG_WARN_OBJC_ROOT_CLASS = YES_ERROR;
				CLANG_WARN_QUOTED_INCLUDE_IN_FRAMEWORK_HEADER = YES;
				CLANG_WARN_RANGE_LOOP_ANALYSIS = YES;
				CLANG_WARN_STRICT_PROTOTYPES = YES;
				CLANG_WARN_SUSPICIOUS_MOVE = YES;
				CLANG_WARN_UNGUARDED_AVAILABILITY = YES_AGGRESSIVE;
				CLANG_WARN_UNREACHABLE_CODE = YES;
				CLANG_WARN__DUPLICATE_METHOD_MATCH = YES;
				COPY_PHASE_STRIP = NO;
				DEBUG_INFORMATION_FORMAT = "dwarf-with-dsym";
				ENABLE_NS_ASSERTIONS = NO;
				ENABLE_STRICT_OBJC_MSGSEND = YES;
				GCC_C_LANGUAGE_STANDARD = gnu11;
				GCC_NO_COMMON_BLOCKS = YES;
				GCC_WARN_64_TO_32_BIT_CONVERSION = YES;
				GCC_WARN_ABOUT_RETURN_TYPE = YES_ERROR;
				GCC_WARN_UNDECLARED_SELECTOR = YES;
				GCC_WARN_UNINITIALIZED_AUTOS = YES_AGGRESSIVE;
				GCC_WARN_UNUSED_FUNCTION = YES;
				GCC_WARN_UNUSED_VARIABLE = YES;
				IPHONEOS_DEPLOYMENT_TARGET = 16.0;
				MTL_ENABLE_DEBUG_INFO = NO;
				MTL_FAST_MATH = YES;
				SDKROOT = iphoneos;
				SWIFT_COMPILATION_MODE = wholemodule;
				SWIFT_OPTIMIZATION_LEVEL = "-O";
				VALIDATE_PRODUCT = YES;
			};
			name = Release;
		};
		8462E44E2A24F65100ECB16F /* Debug */ = {
			isa = XCBuildConfiguration;
			buildSettings = {
				ASSETCATALOG_COMPILER_APPICON_NAME = AppIcon;
				ASSETCATALOG_COMPILER_GLOBAL_ACCENT_COLOR_NAME = AccentColor;
				CODE_SIGN_STYLE = Automatic;
				CURRENT_PROJECT_VERSION = 1;
				GENERATE_INFOPLIST_FILE = YES;
				INFOPLIST_FILE = WisdomLeaf/Info.plist;
				INFOPLIST_KEY_UIApplicationSupportsIndirectInputEvents = YES;
				INFOPLIST_KEY_UILaunchStoryboardName = LaunchScreen;
				INFOPLIST_KEY_UIMainStoryboardFile = Main;
				INFOPLIST_KEY_UISupportedInterfaceOrientations_iPad = "UIInterfaceOrientationPortrait UIInterfaceOrientationPortraitUpsideDown UIInterfaceOrientationLandscapeLeft UIInterfaceOrientationLandscapeRight";
				INFOPLIST_KEY_UISupportedInterfaceOrientations_iPhone = "UIInterfaceOrientationPortrait UIInterfaceOrientationLandscapeLeft UIInterfaceOrientationLandscapeRight";
				IPHONEOS_DEPLOYMENT_TARGET = 12.0;
				LD_RUNPATH_SEARCH_PATHS = (
					"$(inherited)",
					"@executable_path/Frameworks",
				);
				MARKETING_VERSION = 1.0;
				PRODUCT_BUNDLE_IDENTIFIER = com.wisdomleaf.WisdomLeaf;
				PRODUCT_NAME = "$(TARGET_NAME)";
				SWIFT_EMIT_LOC_STRINGS = YES;
				SWIFT_VERSION = 5.0;
				TARGETED_DEVICE_FAMILY = "1,2";
			};
			name = Debug;
		};
		8462E44F2A24F65100ECB16F /* Release */ = {
			isa = XCBuildConfiguration;
			buildSettings = {
				ASSETCATALOG_COMPILER_APPICON_NAME = AppIcon;
				ASSETCATALOG_COMPILER_GLOBAL_ACCENT_COLOR_NAME = AccentColor;
				CODE_SIGN_STYLE = Automatic;
				CURRENT_PROJECT_VERSION = 1;
				GENERATE_INFOPLIST_FILE = YES;
				INFOPLIST_FILE = WisdomLeaf/Info.plist;
				INFOPLIST_KEY_UIApplicationSupportsIndirectInputEvents = YES;
				INFOPLIST_KEY_UILaunchStoryboardName = LaunchScreen;
				INFOPLIST_KEY_UIMainStoryboardFile = Main;
				INFOPLIST_KEY_UISupportedInterfaceOrientations_iPad = "UIInterfaceOrientationPortrait UIInterfaceOrientationPortraitUpsideDown UIInterfaceOrientationLandscapeLeft UIInterfaceOrientationLandscapeRight";
				INFOPLIST_KEY_UISupportedInterfaceOrientations_iPhone = "UIInterfaceOrientationPortrait UIInterfaceOrientationLandscapeLeft UIInterfaceOrientationLandscapeRight";
				IPHONEOS_DEPLOYMENT_TARGET = 12.0;
				LD_RUNPATH_SEARCH_PATHS = (
					"$(inherited)",
					"@executable_path/Frameworks",
				);
				MARKETING_VERSION = 1.0;
				PRODUCT_BUNDLE_IDENTIFIER = com.wisdomleaf.WisdomLeaf;
				PRODUCT_NAME = "$(TARGET_NAME)";
				SWIFT_EMIT_LOC_STRINGS = YES;
				SWIFT_VERSION = 5.0;
				TARGETED_DEVICE_FAMILY = "1,2";
			};
			name = Release;
		};
/* End XCBuildConfiguration section */

/* Begin XCConfigurationList section */
		8462E4342A24F64F00ECB16F /* Build configuration list for PBXProject "WisdomLeaf" */ = {
			isa = XCConfigurationList;
			buildConfigurations = (
				8462E44B2A24F65100ECB16F /* Debug */,
				8462E44C2A24F65100ECB16F /* Release */,
			);
			defaultConfigurationIsVisible = 0;
			defaultConfigurationName = Release;
		};
		8462E44D2A24F65100ECB16F /* Build configuration list for PBXNativeTarget "WisdomLeaf" */ = {
			isa = XCConfigurationList;
			buildConfigurations = (
				8462E44E2A24F65100ECB16F /* Debug */,
				8462E44F2A24F65100ECB16F /* Release */,
			);
			defaultConfigurationIsVisible = 0;
			defaultConfigurationName = Release;
		};
/* End XCConfigurationList section */
	};
	rootObject = 8462E4312A24F64F00ECB16F /* Project object */;
}
